// !$*UTF8*$!
{
	archiveVersion = 1;
	classes = {
	};
	objectVersion = 110;
	objects = {

/* Begin PBXContainerItemProxy section */
		5EB9238D3067911C009D9A34 /* PBXContainerItemProxy */ = {
			isa = PBXContainerItemProxy;
			containerPortal = 5EB923723067911B009D9A34 /* Project object */;
			proxyType = 1;
			remoteGlobalIDString = 5EB923793067911B009D9A34;
			remoteInfo = Encore;
		};
		5EB923973067911C009D9A34 /* PBXContainerItemProxy */ = {
			isa = PBXContainerItemProxy;
			containerPortal = 5EB923723067911B009D9A34 /* Project object */;
			proxyType = 1;
			remoteGlobalIDString = 5EB923793067911B009D9A34;
			remoteInfo = Encore;
		};
/* End PBXContainerItemProxy section */

/* Begin PBXFileReference section */
		5EB9237A3067911B009D9A34 /* Encore.app */ = {isa = PBXFileReference; explicitFileType = wrapper.application; includeInIndex = 0; path = Encore.app; sourceTree = BUILT_PRODUCTS_DIR; };
		5EB9238C3067911C009D9A34 /* EncoreTests.xctest */ = {isa = PBXFileReference; explicitFileType = wrapper.cfbundle; includeInIndex = 0; path = EncoreTests.xctest; sourceTree = BUILT_PRODUCTS_DIR; };
		5EB923963067911C009D9A34 /* EncoreUITests.xctest */ = {isa = PBXFileReference; explicitFileType = wrapper.cfbundle; includeInIndex = 0; path = EncoreUITests.xctest; sourceTree = BUILT_PRODUCTS_DIR; };
/* End PBXFileReference section */

/* Begin PBXFileSystemSynchronizedRootGroup section */
		5EB9237C3067911B009D9A34 /* Encore */ = {
			isa = PBXFileSystemSynchronizedRootGroup;
			path = Encore;
			sourceTree = "<group>";
		};
		5EB9238F3067911C009D9A34 /* EncoreTests */ = {
			isa = PBXFileSystemSynchronizedRootGroup;
			path = EncoreTests;
			sourceTree = "<group>";
		};
		5EB923993067911C009D9A34 /* EncoreUITests */ = {
			isa = PBXFileSystemSynchronizedRootGroup;
			path = EncoreUITests;
			sourceTree = "<group>";
		};
/* End PBXFileSystemSynchronizedRootGroup section */

/* Begin PBXFrameworksBuildPhase section */
		5EB923773067911B009D9A34 /* Frameworks */ = {
			isa = PBXFrameworksBuildPhase;
			files = (
			);
		};
		5EB923893067911C009D9A34 /* Frameworks */ = {
			isa = PBXFrameworksBuildPhase;
			files = (
			);
		};
		5EB923933067911C009D9A34 /* Frameworks */ = {
			isa = PBXFrameworksBuildPhase;
			files = (
			);
		};
/* End PBXFrameworksBuildPhase section */

/* Begin PBXGroup section */
		5EB923713067911B009D9A34 = {
			isa = PBXGroup;
			children = (
				5EB9237C3067911B009D9A34 /* Encore */,
				5EB9238F3067911C009D9A34 /* EncoreTests */,
				5EB923993067911C009D9A34 /* EncoreUITests */,
				5EB9237B3067911B009D9A34 /* Products */,
			);
			sourceTree = "<group>";
		};
		5EB9237B3067911B009D9A34 /* Products */ = {
			isa = PBXGroup;
			children = (
				5EB9237A3067911B009D9A34 /* Encore.app */,
				5EB9238C3067911C009D9A34 /* EncoreTests.xctest */,
				5EB923963067911C009D9A34 /* EncoreUITests.xctest */,
			);
			name = Products;
			sourceTree = "<group>";
		};
/* End PBXGroup section */

/* Begin PBXNativeTarget section */
		5EB923793067911B009D9A34 /* Encore */ = {
			isa = PBXNativeTarget;
			buildConfigurationList = 5EB9239E3067911C009D9A34 /* Build configuration list for PBXNativeTarget "Encore" */;
			buildPhases = (
				5EB923763067911B009D9A34 /* Sources */,
				5EB923773067911B009D9A34 /* Frameworks */,
				5EB923783067911B009D9A34 /* Resources */,
			);
			buildRules = (
			);
			fileSystemSynchronizedGroups = (
				5EB9237C3067911B009D9A34 /* Encore */,
			);
			name = Encore;
			productName = Encore;
			productReference = 5EB9237A3067911B009D9A34 /* Encore.app */;
			productType = "com.apple.product-type.application";
		};
		5EB9238B3067911C009D9A34 /* EncoreTests */ = {
			isa = PBXNativeTarget;
			buildConfigurationList = 5EB923A13067911C009D9A34 /* Build configuration list for PBXNativeTarget "EncoreTests" */;
			buildPhases = (
				5EB923883067911C009D9A34 /* Sources */,
				5EB923893067911C009D9A34 /* Frameworks */,
				5EB9238A3067911C009D9A34 /* Resources */,
			);
			buildRules = (
			);
			dependencies = (
				5EB9238E3067911C009D9A34 /* PBXTargetDependency */,
			);
			fileSystemSynchronizedGroups = (
				5EB9238F3067911C009D9A34 /* EncoreTests */,
			);
			name = EncoreTests;
			productName = EncoreTests;
			productReference = 5EB9238C3067911C009D9A34 /* EncoreTests.xctest */;
			productType = "com.apple.product-type.bundle.unit-test";
		};
		5EB923953067911C009D9A34 /* EncoreUITests */ = {
			isa = PBXNativeTarget;
			buildConfigurationList = 5EB923A43067911C009D9A34 /* Build configuration list for PBXNativeTarget "EncoreUITests" */;
			buildPhases = (
				5EB923923067911C009D9A34 /* Sources */,
				5EB923933067911C009D9A34 /* Frameworks */,
				5EB923943067911C009D9A34 /* Resources */,
			);
			buildRules = (
			);
			dependencies = (
				5EB923983067911C009D9A34 /* PBXTargetDependency */,
			);
			fileSystemSynchronizedGroups = (
				5EB923993067911C009D9A34 /* EncoreUITests */,
			);
			name = EncoreUITests;
			productName = EncoreUITests;
			productReference = 5EB923963067911C009D9A34 /* EncoreUITests.xctest */;
			productType = "com.apple.product-type.bundle.ui-testing";
		};
/* End PBXNativeTarget section */

/* Begin PBXProject section */
		5EB923723067911B009D9A34 /* Project object */ = {
			isa = PBXProject;
			attributes = {
				BuildIndependentTargetsInParallel = 1;
				LastSwiftUpdateCheck = 2700;
				LastUpgradeCheck = 2700;
				TargetAttributes = {
					5EB923793067911B009D9A34 = {
						CreatedOnToolsVersion = 27.0;
					};
					5EB9238B3067911C009D9A34 = {
						CreatedOnToolsVersion = 27.0;
						TestTargetID = 5EB923793067911B009D9A34;
					};
					5EB923953067911C009D9A34 = {
						CreatedOnToolsVersion = 27.0;
						TestTargetID = 5EB923793067911B009D9A34;
					};
				};
			};
			buildConfigurationList = 5EB923753067911B009D9A34 /* Build configuration list for PBXProject "Encore" */;
			developmentRegion = en;
			hasScannedForEncodings = 0;
			knownRegions = (
				en,
				Base,
			);
			mainGroup = 5EB923713067911B009D9A34;
			minimizedProjectReferenceProxies = 1;
			preferredProjectObjectVersion = 77;
			productRefGroup = 5EB9237B3067911B009D9A34 /* Products */;
			projectDirPath = "";
			projectRoot = "";
			targets = (
				5EB923793067911B009D9A34 /* Encore */,
				5EB9238B3067911C009D9A34 /* EncoreTests */,
				5EB923953067911C009D9A34 /* EncoreUITests */,
			);
		};
/* End PBXProject section */

/* Begin PBXResourcesBuildPhase section */
		5EB923783067911B009D9A34 /* Resources */ = {
			isa = PBXResourcesBuildPhase;
			files = (
			);
		};
		5EB9238A3067911C009D9A34 /* Resources */ = {
			isa = PBXResourcesBuildPhase;
			files = (
			);
		};
		5EB923943067911C009D9A34 /* Resources */ = {
			isa = PBXResourcesBuildPhase;
			files = (
			);
		};
/* End PBXResourcesBuildPhase section */

/* Begin PBXSourcesBuildPhase section */
		5EB923763067911B009D9A34 /* Sources */ = {
			isa = PBXSourcesBuildPhase;
			files = (
			);
		};
		5EB923883067911C009D9A34 /* Sources */ = {
			isa = PBXSourcesBuildPhase;
			files = (
			);
		};
		5EB923923067911C009D9A34 /* Sources */ = {
			isa = PBXSourcesBuildPhase;
			files = (
			);
		};
/* End PBXSourcesBuildPhase section */

/* Begin PBXTargetDependency section */
		5EB9238E3067911C009D9A34 /* PBXTargetDependency */ = {
			isa = PBXTargetDependency;
			target = 5EB923793067911B009D9A34 /* Encore */;
			targetProxy = 5EB9238D3067911C009D9A34 /* PBXContainerItemProxy */;
		};
		5EB923983067911C009D9A34 /* PBXTargetDependency */ = {
			isa = PBXTargetDependency;
			target = 5EB923793067911B009D9A34 /* Encore */;
			targetProxy = 5EB923973067911C009D9A34 /* PBXContainerItemProxy */;
		};
/* End PBXTargetDependency section */

/* Begin XCBuildConfiguration section */
		5EB9239C3067911C009D9A34 /* Debug configuration for PBXProject "Encore" */ = {
			isa = XCBuildConfiguration;
			buildSettings = {
				ALWAYS_SEARCH_USER_PATHS = NO;
				ASSETCATALOG_COMPILER_GENERATE_SWIFT_ASSET_SYMBOL_EXTENSIONS = YES;
				CLANG_ANALYZER_NONNULL = YES;
				CLANG_ANALYZER_NUMBER_OBJECT_CONVERSION = YES_AGGRESSIVE;
				CLANG_CXX_LANGUAGE_STANDARD = "gnu++20";
				CLANG_ENABLE_MODULES = YES;
				CLANG_ENABLE_OBJC_ARC = YES;
				CLANG_ENABLE_OBJC_WEAK = YES;
				CLANG_WARN_BLOCK_CAPTURE_AUTORELEASING = YES;
				CLANG_WARN_BOOL_CONVERSION = YES;
				CLANG_WARN_COMMA = YES;
				CLANG_WARN_CONSTANT_CONVERSION = YES;
				CLANG_WARN_DEPRECATED_OBJC_IMPLEMENTATIONS = YES;
				CLANG_WARN_DIRECT_OBJC_ISA_USAGE = YES_ERROR;
				CLANG_WARN_DOCUMENTATION_COMMENTS = YES;
				CLANG_WARN_EMPTY_BODY = YES;
				CLANG_WARN_ENUM_CONVERSION = YES;
				CLANG_WARN_INFINITE_RECURSION = YES;
				CLANG_WARN_INT_CONVERSION = YES;
				CLANG_WARN_NON_LITERAL_NULL_CONVERSION = YES;
				CLANG_WARN_OBJC_IMPLICIT_RETAIN_SELF = YES;
				CLANG_WARN_OBJC_LITERAL_CONVERSION = YES;
				CLANG_WARN_OBJC_ROOT_CLASS = YES_ERROR;
				CLANG_WARN_QUOTED_INCLUDE_IN_FRAMEWORK_HEADER = YES;
				CLANG_WARN_RANGE_LOOP_ANALYSIS = YES;
				CLANG_WARN_STRICT_PROTOTYPES = YES;
				CLANG_WARN_SUSPICIOUS_MOVE = YES;
				CLANG_WARN_UNGUARDED_AVAILABILITY = YES_AGGRESSIVE;
				CLANG_WARN_UNREACHABLE_CODE = YES;
				CLANG_WARN__DUPLICATE_METHOD_MATCH = YES;
				COPY_PHASE_STRIP = NO;
				DEBUG_INFORMATION_FORMAT = dwarf;
				DEVELOPMENT_TEAM = 2D9XXH2B99;
				ENABLE_STRICT_OBJC_MSGSEND = YES;
				ENABLE_TESTABILITY = YES;
				ENABLE_USER_SCRIPT_SANDBOXING = YES;
				GCC_C_LANGUAGE_STANDARD = gnu17;
				GCC_DYNAMIC_NO_PIC = NO;
				GCC_NO_COMMON_BLOCKS = YES;
				GCC_OPTIMIZATION_LEVEL = 0;
				GCC_PREPROCESSOR_DEFINITIONS = (
					"DEBUG=1",
					"$(inherited)",
				);
				GCC_WARN_64_TO_32_BIT_CONVERSION = YES;
				GCC_WARN_ABOUT_RETURN_TYPE = YES_ERROR;
				GCC_WARN_UNDECLARED_SELECTOR = YES;
				GCC_WARN_UNINITIALIZED_AUTOS = YES_AGGRESSIVE;
				GCC_WARN_UNUSED_FUNCTION = YES;
				GCC_WARN_UNUSED_VARIABLE = YES;
				IPHONEOS_DEPLOYMENT_TARGET = 27.0;
				LOCALIZATION_PREFERS_STRING_CATALOGS = YES;
				MTL_ENABLE_DEBUG_INFO = INCLUDE_SOURCE;
				MTL_FAST_MATH = YES;
				ONLY_ACTIVE_ARCH = YES;
				SDKROOT = iphoneos;
				SWIFT_ACTIVE_COMPILATION_CONDITIONS = "DEBUG $(inherited)";
				SWIFT_OPTIMIZATION_LEVEL = "-Onone";
			};
			name = Debug;
		};
		5EB9239D3067911C009D9A34 /* Release configuration for PBXProject "Encore" */ = {
			isa = XCBuildConfiguration;
			buildSettings = {
				ALWAYS_SEARCH_USER_PATHS = NO;
				ASSETCATALOG_COMPILER_GENERATE_SWIFT_ASSET_SYMBOL_EXTENSIONS = YES;
				CLANG_ANALYZER_NONNULL = YES;
				CLANG_ANALYZER_NUMBER_OBJECT_CONVERSION = YES_AGGRESSIVE;
				CLANG_CXX_LANGUAGE_STANDARD = "gnu++20";
				CLANG_ENABLE_MODULES = YES;
				CLANG_ENABLE_OBJC_ARC = YES;
				CLANG_ENABLE_OBJC_WEAK = YES;
				CLANG_WARN_BLOCK_CAPTURE_AUTORELEASING = YES;
				CLANG_WARN_BOOL_CONVERSION = YES;
				CLANG_WARN_COMMA = YES;
				CLANG_WARN_CONSTANT_CONVERSION = YES;
				CLANG_WARN_DEPRECATED_OBJC_IMPLEMENTATIONS = YES;
				CLANG_WARN_DIRECT_OBJC_ISA_USAGE = YES_ERROR;
				CLANG_WARN_DOCUMENTATION_COMMENTS = YES;
				CLANG_WARN_EMPTY_BODY = YES;
				CLANG_WARN_ENUM_CONVERSION = YES;
				CLANG_WARN_INFINITE_RECURSION = YES;
				CLANG_WARN_INT_CONVERSION = YES;
				CLANG_WARN_NON_LITERAL_NULL_CONVERSION = YES;
				CLANG_WARN_OBJC_IMPLICIT_RETAIN_SELF = YES;
				CLANG_WARN_OBJC_LITERAL_CONVERSION = YES;
				CLANG_WARN_OBJC_ROOT_CLASS = YES_ERROR;
				CLANG_WARN_QUOTED_INCLUDE_IN_FRAMEWORK_HEADER = YES;
				CLANG_WARN_RANGE_LOOP_ANALYSIS = YES;
				CLANG_WARN_STRICT_PROTOTYPES = YES;
				CLANG_WARN_SUSPICIOUS_MOVE = YES;
				CLANG_WARN_UNGUARDED_AVAILABILITY = YES_AGGRESSIVE;
				CLANG_WARN_UNREACHABLE_CODE = YES;
				CLANG_WARN__DUPLICATE_METHOD_MATCH = YES;
				COPY_PHASE_STRIP = NO;
				DEBUG_INFORMATION_FORMAT = "dwarf-with-dsym";
				DEVELOPMENT_TEAM = 2D9XXH2B99;
				ENABLE_NS_ASSERTIONS = NO;
				ENABLE_STRICT_OBJC_MSGSEND = YES;
				ENABLE_USER_SCRIPT_SANDBOXING = YES;
				GCC_C_LANGUAGE_STANDARD = gnu17;
				GCC_NO_COMMON_BLOCKS = YES;
				GCC_WARN_64_TO_32_BIT_CONVERSION = YES;
				GCC_WARN_ABOUT_RETURN_TYPE = YES_ERROR;
				GCC_WARN_UNDECLARED_SELECTOR = YES;
				GCC_WARN_UNINITIALIZED_AUTOS = YES_AGGRESSIVE;
				GCC_WARN_UNUSED_FUNCTION = YES;
				GCC_WARN_UNUSED_VARIABLE = YES;
				IPHONEOS_DEPLOYMENT_TARGET = 27.0;
				LOCALIZATION_PREFERS_STRING_CATALOGS = YES;
				MTL_ENABLE_DEBUG_INFO = NO;
				MTL_FAST_MATH = YES;
				SDKROOT = iphoneos;
				SWIFT_COMPILATION_MODE = wholemodule;
				VALIDATE_PRODUCT = YES;
			};
			name = Release;
		};
		5EB9239F3067911C009D9A34 /* Debug configuration for PBXNativeTarget "Encore" */ = {
			isa = XCBuildConfiguration;
			buildSettings = {
				ASSETCATALOG_COMPILER_APPICON_NAME = AppIcon;
				ASSETCATALOG_COMPILER_GLOBAL_ACCENT_COLOR_NAME = AccentColor;
				CODE_SIGN_STYLE = Automatic;
				CURRENT_PROJECT_VERSION = 1;
				DEVELOPMENT_TEAM = 2D9XXH2B99;
				ENABLE_PREVIEWS = YES;
				GENERATE_INFOPLIST_FILE = YES;
				INFOPLIST_KEY_UIApplicationSceneManifest_Generation = YES;
				INFOPLIST_KEY_UIApplicationSupportsIndirectInputEvents = YES;
				INFOPLIST_KEY_UILaunchScreen_Generation = YES;
				INFOPLIST_KEY_UISupportedInterfaceOrientations_iPad = "UIInterfaceOrientationPortrait UIInterfaceOrientationPortraitUpsideDown UIInterfaceOrientationLandscapeLeft UIInterfaceOrientationLandscapeRight";
				INFOPLIST_KEY_UISupportedInterfaceOrientations_iPhone = "UIInterfaceOrientationPortrait UIInterfaceOrientationLandscapeLeft UIInterfaceOrientationLandscapeRight";
				LD_RUNPATH_SEARCH_PATHS = (
					"$(inherited)",
					"@executable_path/Frameworks",
				);
				MARKETING_VERSION = 1.0;
				PRODUCT_BUNDLE_IDENTIFIER = com.yufan.Encore;
				PRODUCT_NAME = "$(TARGET_NAME)";
				STRING_CATALOG_GENERATE_SYMBOLS = YES;
				SWIFT_APPROACHABLE_CONCURRENCY = YES;
				SWIFT_DEFAULT_ACTOR_ISOLATION = MainActor;
				SWIFT_EMIT_LOC_STRINGS = YES;
				SWIFT_UPCOMING_FEATURE_MEMBER_IMPORT_VISIBILITY = YES;
				SWIFT_VERSION = 5.0;
				TARGETED_DEVICE_FAMILY = "1,2";
			};
			name = Debug;
		};
		5EB923A03067911C009D9A34 /* Release configuration for PBXNativeTarget "Encore" */ = {
			isa = XCBuildConfiguration;
			buildSettings = {
				ASSETCATALOG_COMPILER_APPICON_NAME = AppIcon;
				ASSETCATALOG_COMPILER_GLOBAL_ACCENT_COLOR_NAME = AccentColor;
				CODE_SIGN_STYLE = Automatic;
				CURRENT_PROJECT_VERSION = 1;
				DEVELOPMENT_TEAM = 2D9XXH2B99;
				ENABLE_PREVIEWS = YES;
				GENERATE_INFOPLIST_FILE = YES;
				INFOPLIST_KEY_UIApplicationSceneManifest_Generation = YES;
				INFOPLIST_KEY_UIApplicationSupportsIndirectInputEvents = YES;
				INFOPLIST_KEY_UILaunchScreen_Generation = YES;
				INFOPLIST_KEY_UISupportedInterfaceOrientations_iPad = "UIInterfaceOrientationPortrait UIInterfaceOrientationPortraitUpsideDown UIInterfaceOrientationLandscapeLeft UIInterfaceOrientationLandscapeRight";
				INFOPLIST_KEY_UISupportedInterfaceOrientations_iPhone = "UIInterfaceOrientationPortrait UIInterfaceOrientationLandscapeLeft UIInterfaceOrientationLandscapeRight";
				LD_RUNPATH_SEARCH_PATHS = (
					"$(inherited)",
					"@executable_path/Frameworks",
				);
				MARKETING_VERSION = 1.0;
				PRODUCT_BUNDLE_IDENTIFIER = com.yufan.Encore;
				PRODUCT_NAME = "$(TARGET_NAME)";
				STRING_CATALOG_GENERATE_SYMBOLS = YES;
				SWIFT_APPROACHABLE_CONCURRENCY = YES;
				SWIFT_DEFAULT_ACTOR_ISOLATION = MainActor;
				SWIFT_EMIT_LOC_STRINGS = YES;
				SWIFT_UPCOMING_FEATURE_MEMBER_IMPORT_VISIBILITY = YES;
				SWIFT_VERSION = 5.0;
				TARGETED_DEVICE_FAMILY = "1,2";
			};
			name = Release;
		};
		5EB923A23067911C009D9A34 /* Debug configuration for PBXNativeTarget "EncoreTests" */ = {
			isa = XCBuildConfiguration;
			buildSettings = {
				BUNDLE_LOADER = "$(TEST_HOST)";
				CODE_SIGN_STYLE = Automatic;
				CURRENT_PROJECT_VERSION = 1;
				DEVELOPMENT_TEAM = 2D9XXH2B99;
				GENERATE_INFOPLIST_FILE = YES;
				IPHONEOS_DEPLOYMENT_TARGET = 27.0;
				MARKETING_VERSION = 1.0;
				PRODUCT_BUNDLE_IDENTIFIER = com.yufan.EncoreTests;
				PRODUCT_NAME = "$(TARGET_NAME)";
				STRING_CATALOG_GENERATE_SYMBOLS = NO;
				SWIFT_APPROACHABLE_CONCURRENCY = YES;
				SWIFT_EMIT_LOC_STRINGS = NO;
				SWIFT_UPCOMING_FEATURE_MEMBER_IMPORT_VISIBILITY = YES;
				SWIFT_VERSION = 5.0;
				TARGETED_DEVICE_FAMILY = "1,2";
				TEST_HOST = "$(BUILT_PRODUCTS_DIR)/Encore.app/$(BUNDLE_EXECUTABLE_FOLDER_PATH)/Encore";
			};
			name = Debug;
		};
		5EB923A33067911C009D9A34 /* Release configuration for PBXNativeTarget "EncoreTests" */ = {
			isa = XCBuildConfiguration;
			buildSettings = {
				BUNDLE_LOADER = "$(TEST_HOST)";
				CODE_SIGN_STYLE = Automatic;
				CURRENT_PROJECT_VERSION = 1;
				DEVELOPMENT_TEAM = 2D9XXH2B99;
				GENERATE_INFOPLIST_FILE = YES;
				IPHONEOS_DEPLOYMENT_TARGET = 27.0;
				MARKETING_VERSION = 1.0;
				PRODUCT_BUNDLE_IDENTIFIER = com.yufan.EncoreTests;
				PRODUCT_NAME = "$(TARGET_NAME)";
				STRING_CATALOG_GENERATE_SYMBOLS = NO;
				SWIFT_APPROACHABLE_CONCURRENCY = YES;
				SWIFT_EMIT_LOC_STRINGS = NO;
				SWIFT_UPCOMING_FEATURE_MEMBER_IMPORT_VISIBILITY = YES;
				SWIFT_VERSION = 5.0;
				TARGETED_DEVICE_FAMILY = "1,2";
				TEST_HOST = "$(BUILT_PRODUCTS_DIR)/Encore.app/$(BUNDLE_EXECUTABLE_FOLDER_PATH)/Encore";
			};
			name = Release;
		};
		5EB923A53067911C009D9A34 /* Debug configuration for PBXNativeTarget "EncoreUITests" */ = {
			isa = XCBuildConfiguration;
			buildSettings = {
				CODE_SIGN_STYLE = Automatic;
				CURRENT_PROJECT_VERSION = 1;
				DEVELOPMENT_TEAM = 2D9XXH2B99;
				GENERATE_INFOPLIST_FILE = YES;
				MARKETING_VERSION = 1.0;
				PRODUCT_BUNDLE_IDENTIFIER = com.yufan.EncoreUITests;
				PRODUCT_NAME = "$(TARGET_NAME)";
				STRING_CATALOG_GENERATE_SYMBOLS = NO;
				SWIFT_APPROACHABLE_CONCURRENCY = YES;
				SWIFT_EMIT_LOC_STRINGS = NO;
				SWIFT_UPCOMING_FEATURE_MEMBER_IMPORT_VISIBILITY = YES;
				SWIFT_VERSION = 5.0;
				TARGETED_DEVICE_FAMILY = "1,2";
				TEST_TARGET_NAME = Encore;
			};
			name = Debug;
		};
		5EB923A63067911C009D9A34 /* Release configuration for PBXNativeTarget "EncoreUITests" */ = {
			isa = XCBuildConfiguration;
			buildSettings = {
				CODE_SIGN_STYLE = Automatic;
				CURRENT_PROJECT_VERSION = 1;
				DEVELOPMENT_TEAM = 2D9XXH2B99;
				GENERATE_INFOPLIST_FILE = YES;
				MARKETING_VERSION = 1.0;
				PRODUCT_BUNDLE_IDENTIFIER = com.yufan.EncoreUITests;
				PRODUCT_NAME = "$(TARGET_NAME)";
				STRING_CATALOG_GENERATE_SYMBOLS = NO;
				SWIFT_APPROACHABLE_CONCURRENCY = YES;
				SWIFT_EMIT_LOC_STRINGS = NO;
				SWIFT_UPCOMING_FEATURE_MEMBER_IMPORT_VISIBILITY = YES;
				SWIFT_VERSION = 5.0;
				TARGETED_DEVICE_FAMILY = "1,2";
				TEST_TARGET_NAME = Encore;
			};
			name = Release;
		};
/* End XCBuildConfiguration section */

/* Begin XCConfigurationList section */
		5EB923753067911B009D9A34 /* Build configuration list for PBXProject "Encore" */ = {
			isa = XCConfigurationList;
			buildConfigurations = (
				5EB9239C3067911C009D9A34 /* Debug configuration for PBXProject "Encore" */,
				5EB9239D3067911C009D9A34 /* Release configuration for PBXProject "Encore" */,
			);
			defaultConfigurationName = Release;
		};
		5EB9239E3067911C009D9A34 /* Build configuration list for PBXNativeTarget "Encore" */ = {
			isa = XCConfigurationList;
			buildConfigurations = (
				5EB9239F3067911C009D9A34 /* Debug configuration for PBXNativeTarget "Encore" */,
				5EB923A03067911C009D9A34 /* Release configuration for PBXNativeTarget "Encore" */,
			);
			defaultConfigurationName = Release;
		};
		5EB923A13067911C009D9A34 /* Build configuration list for PBXNativeTarget "EncoreTests" */ = {
			isa = XCConfigurationList;
			buildConfigurations = (
				5EB923A23067911C009D9A34 /* Debug configuration for PBXNativeTarget "EncoreTests" */,
				5EB923A33067911C009D9A34 /* Release configuration for PBXNativeTarget "EncoreTests" */,
			);
			defaultConfigurationName = Release;
		};
		5EB923A43067911C009D9A34 /* Build configuration list for PBXNativeTarget "EncoreUITests" */ = {
			isa = XCConfigurationList;
			buildConfigurations = (
				5EB923A53067911C009D9A34 /* Debug configuration for PBXNativeTarget "EncoreUITests" */,
				5EB923A63067911C009D9A34 /* Release configuration for PBXNativeTarget "EncoreUITests" */,
			);
			defaultConfigurationName = Release;
		};
/* End XCConfigurationList section */
	};
	rootObject = 5EB923723067911B009D9A34 /* Project object */;
	validationLevel = 1;
}
